// !$*UTF8*$!
{
	archiveVersion = 1;
	classes = {
	};
	objectVersion = 50;
	objects = {

/* Begin PBXBuildFile section */
		34F399AD23F2FBE600ED0806 /* AppDelegate.swift in Sources */ = {isa = PBXBuildFile; fileRef = 34F399AC23F2FBE600ED0806 /* AppDelegate.swift */; };
		34F399AF23F2FBE600ED0806 /* SceneDelegate.swift in Sources */ = {isa = PBXBuildFile; fileRef = 34F399AE23F2FBE600ED0806 /* SceneDelegate.swift */; };
		34F399B623F2FBE800ED0806 /* Assets.xcassets in Resources */ = {isa = PBXBuildFile; fileRef = 34F399B523F2FBE800ED0806 /* Assets.xcassets */; };
		34F399B923F2FBE800ED0806 /* LaunchScreen.storyboard in Resources */ = {isa = PBXBuildFile; fileRef = 34F399B723F2FBE800ED0806 /* LaunchScreen.storyboard */; };
		34F399C223F301FB00ED0806 /* QuizViewController.swift in Sources */ = {isa = PBXBuildFile; fileRef = 34F399C023F301FB00ED0806 /* QuizViewController.swift */; };
		34F399C323F301FB00ED0806 /* QuizViewController.xib in Resources */ = {isa = PBXBuildFile; fileRef = 34F399C123F301FB00ED0806 /* QuizViewController.xib */; };
		34F399C523F309E500ED0806 /* Extensions.swift in Sources */ = {isa = PBXBuildFile; fileRef = 34F399C423F309E500ED0806 /* Extensions.swift */; };
		34F399C823F31CC200ED0806 /* Loading.swift in Sources */ = {isa = PBXBuildFile; fileRef = 34F399C623F31CC200ED0806 /* Loading.swift */; };
		34F399C923F31CC200ED0806 /* Loading.xib in Resources */ = {isa = PBXBuildFile; fileRef = 34F399C723F31CC200ED0806 /* Loading.xib */; };
		34F399CB23F3224500ED0806 /* Utils.swift in Sources */ = {isa = PBXBuildFile; fileRef = 34F399CA23F3224500ED0806 /* Utils.swift */; };
		34F399CD23F322C800ED0806 /* Http.swift in Sources */ = {isa = PBXBuildFile; fileRef = 34F399CC23F322C800ED0806 /* Http.swift */; };
		34F399CF23F326A700ED0806 /* QuizModel.swift in Sources */ = {isa = PBXBuildFile; fileRef = 34F399CE23F326A700ED0806 /* QuizModel.swift */; };
/* End PBXBuildFile section */

/* Begin PBXFileReference section */
		34F399A923F2FBE600ED0806 /* QuizChallenge.app */ = {isa = PBXFileReference; explicitFileType = wrapper.application; includeInIndex = 0; path = QuizChallenge.app; sourceTree = BUILT_PRODUCTS_DIR; };
		34F399AC23F2FBE600ED0806 /* AppDelegate.swift */ = {isa = PBXFileReference; lastKnownFileType = sourcecode.swift; path = AppDelegate.swift; sourceTree = "<group>"; };
		34F399AE23F2FBE600ED0806 /* SceneDelegate.swift */ = {isa = PBXFileReference; lastKnownFileType = sourcecode.swift; path = SceneDelegate.swift; sourceTree = "<group>"; };
		34F399B523F2FBE800ED0806 /* Assets.xcassets */ = {isa = PBXFileReference; lastKnownFileType = folder.assetcatalog; path = Assets.xcassets; sourceTree = "<group>"; };
		34F399B823F2FBE800ED0806 /* Base */ = {isa = PBXFileReference; lastKnownFileType = file.storyboard; name = Base; path = Base.lproj/LaunchScreen.storyboard; sourceTree = "<group>"; };
		34F399BA23F2FBE800ED0806 /* Info.plist */ = {isa = PBXFileReference; lastKnownFileType = text.plist.xml; path = Info.plist; sourceTree = "<group>"; };
		34F399C023F301FB00ED0806 /* QuizViewController.swift */ = {isa = PBXFileReference; lastKnownFileType = sourcecode.swift; path = QuizViewController.swift; sourceTree = "<group>"; };
		34F399C123F301FB00ED0806 /* QuizViewController.xib */ = {isa = PBXFileReference; lastKnownFileType = file.xib; path = QuizViewController.xib; sourceTree = "<group>"; };
		34F399C423F309E500ED0806 /* Extensions.swift */ = {isa = PBXFileReference; lastKnownFileType = sourcecode.swift; path = Extensions.swift; sourceTree = "<group>"; };
		34F399C623F31CC200ED0806 /* Loading.swift */ = {isa = PBXFileReference; lastKnownFileType = sourcecode.swift; path = Loading.swift; sourceTree = "<group>"; };
		34F399C723F31CC200ED0806 /* Loading.xib */ = {isa = PBXFileReference; lastKnownFileType = file.xib; path = Loading.xib; sourceTree = "<group>"; };
		34F399CA23F3224500ED0806 /* Utils.swift */ = {isa = PBXFileReference; lastKnownFileType = sourcecode.swift; path = Utils.swift; sourceTree = "<group>"; };
		34F399CC23F322C800ED0806 /* Http.swift */ = {isa = PBXFileReference; lastKnownFileType = sourcecode.swift; path = Http.swift; sourceTree = "<group>"; };
		34F399CE23F326A700ED0806 /* QuizModel.swift */ = {isa = PBXFileReference; lastKnownFileType = sourcecode.swift; path = QuizModel.swift; sourceTree = "<group>"; };
/* End PBXFileReference section */

/* Begin PBXFrameworksBuildPhase section */
		34F399A623F2FBE600ED0806 /* Frameworks */ = {
			isa = PBXFrameworksBuildPhase;
			buildActionMask = 2147483647;
			files = (
			);
			runOnlyForDeploymentPostprocessing = 0;
		};
/* End PBXFrameworksBuildPhase section */

/* Begin PBXGroup section */
		34F399A023F2FBE600ED0806 = {
			isa = PBXGroup;
			children = (
				34F399AB23F2FBE600ED0806 /* QuizChallenge */,
				34F399AA23F2FBE600ED0806 /* Products */,
			);
			sourceTree = "<group>";
		};
		34F399AA23F2FBE600ED0806 /* Products */ = {
			isa = PBXGroup;
			children = (
				34F399A923F2FBE600ED0806 /* QuizChallenge.app */,
			);
			name = Products;
			sourceTree = "<group>";
		};
		34F399AB23F2FBE600ED0806 /* QuizChallenge */ = {
			isa = PBXGroup;
			children = (
				34F399AC23F2FBE600ED0806 /* AppDelegate.swift */,
				34F399AE23F2FBE600ED0806 /* SceneDelegate.swift */,
				34F399B523F2FBE800ED0806 /* Assets.xcassets */,
				34F399B723F2FBE800ED0806 /* LaunchScreen.storyboard */,
				34F399BA23F2FBE800ED0806 /* Info.plist */,
				34F399C023F301FB00ED0806 /* QuizViewController.swift */,
				34F399C123F301FB00ED0806 /* QuizViewController.xib */,
				34F399C423F309E500ED0806 /* Extensions.swift */,
				34F399C623F31CC200ED0806 /* Loading.swift */,
				34F399C723F31CC200ED0806 /* Loading.xib */,
				34F399CA23F3224500ED0806 /* Utils.swift */,
				34F399CC23F322C800ED0806 /* Http.swift */,
				34F399CE23F326A700ED0806 /* QuizModel.swift */,
			);
			path = QuizChallenge;
			sourceTree = "<group>";
		};
/* End PBXGroup section */

/* Begin PBXNativeTarget section */
		34F399A823F2FBE600ED0806 /* QuizChallenge */ = {
			isa = PBXNativeTarget;
			buildConfigurationList = 34F399BD23F2FBE800ED0806 /* Build configuration list for PBXNativeTarget "QuizChallenge" */;
			buildPhases = (
				34F399A523F2FBE600ED0806 /* Sources */,
				34F399A623F2FBE600ED0806 /* Frameworks */,
				34F399A723F2FBE600ED0806 /* Resources */,
			);
			buildRules = (
			);
			dependencies = (
			);
			name = QuizChallenge;
			productName = QuizChallenge;
			productReference = 34F399A923F2FBE600ED0806 /* QuizChallenge.app */;
			productType = "com.apple.product-type.application";
		};
/* End PBXNativeTarget section */

/* Begin PBXProject section */
		34F399A123F2FBE600ED0806 /* Project object */ = {
			isa = PBXProject;
			attributes = {
				LastSwiftUpdateCheck = 1130;
				LastUpgradeCheck = 1130;
				ORGANIZATIONNAME = ArcTouch;
				TargetAttributes = {
					34F399A823F2FBE600ED0806 = {
						CreatedOnToolsVersion = 11.3.1;
					};
				};
			};
			buildConfigurationList = 34F399A423F2FBE600ED0806 /* Build configuration list for PBXProject "QuizChallenge" */;
			compatibilityVersion = "Xcode 9.3";
			developmentRegion = en;
			hasScannedForEncodings = 0;
			knownRegions = (
				en,
				Base,
			);
			mainGroup = 34F399A023F2FBE600ED0806;
			productRefGroup = 34F399AA23F2FBE600ED0806 /* Products */;
			projectDirPath = "";
			projectRoot = "";
			targets = (
				34F399A823F2FBE600ED0806 /* QuizChallenge */,
			);
		};
/* End PBXProject section */

/* Begin PBXResourcesBuildPhase section */
		34F399A723F2FBE600ED0806 /* Resources */ = {
			isa = PBXResourcesBuildPhase;
			buildActionMask = 2147483647;
			files = (
				34F399B923F2FBE800ED0806 /* LaunchScreen.storyboard in Resources */,
				34F399B623F2FBE800ED0806 /* Assets.xcassets in Resources */,
				34F399C923F31CC200ED0806 /* Loading.xib in Resources */,
				34F399C323F301FB00ED0806 /* QuizViewController.xib in Resources */,
			);
			runOnlyForDeploymentPostprocessing = 0;
		};
/* End PBXResourcesBuildPhase section */

/* Begin PBXSourcesBuildPhase section */
		34F399A523F2FBE600ED0806 /* Sources */ = {
			isa = PBXSourcesBuildPhase;
			buildActionMask = 2147483647;
			files = (
				34F399C223F301FB00ED0806 /* QuizViewController.swift in Sources */,
				34F399AD23F2FBE600ED0806 /* AppDelegate.swift in Sources */,
				34F399C823F31CC200ED0806 /* Loading.swift in Sources */,
				34F399AF23F2FBE600ED0806 /* SceneDelegate.swift in Sources */,
				34F399CF23F326A700ED0806 /* QuizModel.swift in Sources */,
				34F399C523F309E500ED0806 /* Extensions.swift in Sources */,
				34F399CB23F3224500ED0806 /* Utils.swift in Sources */,
				34F399CD23F322C800ED0806 /* Http.swift in Sources */,
			);
			runOnlyForDeploymentPostprocessing = 0;
		};
/* End PBXSourcesBuildPhase section */

/* Begin PBXVariantGroup section */
		34F399B723F2FBE800ED0806 /* LaunchScreen.storyboard */ = {
			isa = PBXVariantGroup;
			children = (
				34F399B823F2FBE800ED0806 /* Base */,
			);
			name = LaunchScreen.storyboard;
			sourceTree = "<group>";
		};
/* End PBXVariantGroup section */

/* Begin XCBuildConfiguration section */
		34F399BB23F2FBE800ED0806 /* Debug */ = {
			isa = XCBuildConfiguration;
			buildSettings = {
				ALWAYS_SEARCH_USER_PATHS = NO;
				CLANG_ANALYZER_NONNULL = YES;
				CLANG_ANALYZER_NUMBER_OBJECT_CONVERSION = YES_AGGRESSIVE;
				CLANG_CXX_LANGUAGE_STANDARD = "gnu++14";
				CLANG_CXX_LIBRARY = "libc++";
				CLANG_ENABLE_MODULES = YES;
				CLANG_ENABLE_OBJC_ARC = YES;
				CLANG_ENABLE_OBJC_WEAK = YES;
				CLANG_WARN_BLOCK_CAPTURE_AUTORELEASING = YES;
				CLANG_WARN_BOOL_CONVERSION = YES;
				CLANG_WARN_COMMA = YES;
				CLANG_WARN_CONSTANT_CONVERSION = YES;
				CLANG_WARN_DEPRECATED_OBJC_IMPLEMENTATIONS = YES;
				CLANG_WARN_DIRECT_OBJC_ISA_USAGE = YES_ERROR;
				CLANG_WARN_DOCUMENTATION_COMMENTS = YES;
				CLANG_WARN_EMPTY_BODY = YES;
				CLANG_WARN_ENUM_CONVERSION = YES;
				CLANG_WARN_INFINITE_RECURSION = YES;
				CLANG_WARN_INT_CONVERSION = YES;
				CLANG_WARN_NON_LITERAL_NULL_CONVERSION = YES;
				CLANG_WARN_OBJC_IMPLICIT_RETAIN_SELF = YES;
				CLANG_WARN_OBJC_LITERAL_CONVERSION = YES;
				CLANG_WARN_OBJC_ROOT_CLASS = YES_ERROR;
				CLANG_WARN_RANGE_LOOP_ANALYSIS = YES;
				CLANG_WARN_STRICT_PROTOTYPES = YES;
				CLANG_WARN_SUSPICIOUS_MOVE = YES;
				CLANG_WARN_UNGUARDED_AVAILABILITY = YES_AGGRESSIVE;
				CLANG_WARN_UNREACHABLE_CODE = YES;
				CLANG_WARN__DUPLICATE_METHOD_MATCH = YES;
				COPY_PHASE_STRIP = NO;
				DEBUG_INFORMATION_FORMAT = dwarf;
				ENABLE_STRICT_OBJC_MSGSEND = YES;
				ENABLE_TESTABILITY = YES;
				GCC_C_LANGUAGE_STANDARD = gnu11;
				GCC_DYNAMIC_NO_PIC = NO;
				GCC_NO_COMMON_BLOCKS = YES;
				GCC_OPTIMIZATION_LEVEL = 0;
				GCC_PREPROCESSOR_DEFINITIONS = (
					"DEBUG=1",
					"$(inherited)",
				);
				GCC_WARN_64_TO_32_BIT_CONVERSION = YES;
				GCC_WARN_ABOUT_RETURN_TYPE = YES_ERROR;
				GCC_WARN_UNDECLARED_SELECTOR = YES;
				GCC_WARN_UNINITIALIZED_AUTOS = YES_AGGRESSIVE;
				GCC_WARN_UNUSED_FUNCTION = YES;
				GCC_WARN_UNUSED_VARIABLE = YES;
				IPHONEOS_DEPLOYMENT_TARGET = 13.2;
				MTL_ENABLE_DEBUG_INFO = INCLUDE_SOURCE;
				MTL_FAST_MATH = YES;
				ONLY_ACTIVE_ARCH = YES;
				SDKROOT = iphoneos;
				SWIFT_ACTIVE_COMPILATION_CONDITIONS = DEBUG;
				SWIFT_OPTIMIZATION_LEVEL = "-Onone";
			};
			name = Debug;
		};
		34F399BC23F2FBE800ED0806 /* Release */ = {
			isa = XCBuildConfiguration;
			buildSettings = {
				ALWAYS_SEARCH_USER_PATHS = NO;
				CLANG_ANALYZER_NONNULL = YES;
				CLANG_ANALYZER_NUMBER_OBJECT_CONVERSION = YES_AGGRESSIVE;
				CLANG_CXX_LANGUAGE_STANDARD = "gnu++14";
				CLANG_CXX_LIBRARY = "libc++";
				CLANG_ENABLE_MODULES = YES;
				CLANG_ENABLE_OBJC_ARC = YES;
				CLANG_ENABLE_OBJC_WEAK = YES;
				CLANG_WARN_BLOCK_CAPTURE_AUTORELEASING = YES;
				CLANG_WARN_BOOL_CONVERSION = YES;
				CLANG_WARN_COMMA = YES;
				CLANG_WARN_CONSTANT_CONVERSION = YES;
				CLANG_WARN_DEPRECATED_OBJC_IMPLEMENTATIONS = YES;
				CLANG_WARN_DIRECT_OBJC_ISA_USAGE = YES_ERROR;
				CLANG_WARN_DOCUMENTATION_COMMENTS = YES;
				CLANG_WARN_EMPTY_BODY = YES;
				CLANG_WARN_ENUM_CONVERSION = YES;
				CLANG_WARN_INFINITE_RECURSION = YES;
				CLANG_WARN_INT_CONVERSION = YES;
				CLANG_WARN_NON_LITERAL_NULL_CONVERSION = YES;
				CLANG_WARN_OBJC_IMPLICIT_RETAIN_SELF = YES;
				CLANG_WARN_OBJC_LITERAL_CONVERSION = YES;
				CLANG_WARN_OBJC_ROOT_CLASS = YES_ERROR;
				CLANG_WARN_RANGE_LOOP_ANALYSIS = YES;
				CLANG_WARN_STRICT_PROTOTYPES = YES;
				CLANG_WARN_SUSPICIOUS_MOVE = YES;
				CLANG_WARN_UNGUARDED_AVAILABILITY = YES_AGGRESSIVE;
				CLANG_WARN_UNREACHABLE_CODE = YES;
				CLANG_WARN__DUPLICATE_METHOD_MATCH = YES;
				COPY_PHASE_STRIP = NO;
				DEBUG_INFORMATION_FORMAT = "dwarf-with-dsym";
				ENABLE_NS_ASSERTIONS = NO;
				ENABLE_STRICT_OBJC_MSGSEND = YES;
				GCC_C_LANGUAGE_STANDARD = gnu11;
				GCC_NO_COMMON_BLOCKS = YES;
				GCC_WARN_64_TO_32_BIT_CONVERSION = YES;
				GCC_WARN_ABOUT_RETURN_TYPE = YES_ERROR;
				GCC_WARN_UNDECLARED_SELECTOR = YES;
				GCC_WARN_UNINITIALIZED_AUTOS = YES_AGGRESSIVE;
				GCC_WARN_UNUSED_FUNCTION = YES;
				GCC_WARN_UNUSED_VARIABLE = YES;
				IPHONEOS_DEPLOYMENT_TARGET = 13.2;
				MTL_ENABLE_DEBUG_INFO = NO;
				MTL_FAST_MATH = YES;
				SDKROOT = iphoneos;
				SWIFT_COMPILATION_MODE = wholemodule;
				SWIFT_OPTIMIZATION_LEVEL = "-O";
				VALIDATE_PRODUCT = YES;
			};
			name = Release;
		};
		34F399BE23F2FBE800ED0806 /* Debug */ = {
			isa = XCBuildConfiguration;
			buildSettings = {
				ASSETCATALOG_COMPILER_APPICON_NAME = AppIcon;
				CODE_SIGN_STYLE = Automatic;
				INFOPLIST_FILE = QuizChallenge/Info.plist;
				LD_RUNPATH_SEARCH_PATHS = (
					"$(inherited)",
					"@executable_path/Frameworks",
				);
				PRODUCT_BUNDLE_IDENTIFIER = br.arctouch.QuizChallenge;
				PRODUCT_NAME = "$(TARGET_NAME)";
				SWIFT_VERSION = 5.0;
				TARGETED_DEVICE_FAMILY = "1,2";
			};
			name = Debug;
		};
		34F399BF23F2FBE800ED0806 /* Release */ = {
			isa = XCBuildConfiguration;
			buildSettings = {
				ASSETCATALOG_COMPILER_APPICON_NAME = AppIcon;
				CODE_SIGN_STYLE = Automatic;
				INFOPLIST_FILE = QuizChallenge/Info.plist;
				LD_RUNPATH_SEARCH_PATHS = (
					"$(inherited)",
					"@executable_path/Frameworks",
				);
				PRODUCT_BUNDLE_IDENTIFIER = br.arctouch.QuizChallenge;
				PRODUCT_NAME = "$(TARGET_NAME)";
				SWIFT_VERSION = 5.0;
				TARGETED_DEVICE_FAMILY = "1,2";
			};
			name = Release;
		};
/* End XCBuildConfiguration section */

/* Begin XCConfigurationList section */
		34F399A423F2FBE600ED0806 /* Build configuration list for PBXProject "QuizChallenge" */ = {
			isa = XCConfigurationList;
			buildConfigurations = (
				34F399BB23F2FBE800ED0806 /* Debug */,
				34F399BC23F2FBE800ED0806 /* Release */,
			);
			defaultConfigurationIsVisible = 0;
			defaultConfigurationName = Release;
		};
		34F399BD23F2FBE800ED0806 /* Build configuration list for PBXNativeTarget "QuizChallenge" */ = {
			isa = XCConfigurationList;
			buildConfigurations = (
				34F399BE23F2FBE800ED0806 /* Debug */,
				34F399BF23F2FBE800ED0806 /* Release */,
			);
			defaultConfigurationIsVisible = 0;
			defaultConfigurationName = Release;
		};
/* End XCConfigurationList section */
	};
	rootObject = 34F399A123F2FBE600ED0806 /* Project object */;
}
